
Microsoft Visual Studio Solution File, Format Version 12.00
# Visual Studio Version 16
VisualStudioVersion = 16.0.30011.22
MinimumVisualStudioVersion = 10.0.40219.1
Project("{9A19103F-16F7-4668-BE54-9A1E7A4F7556}") = "ClientApp_WPF", "ClientApp_WPF\ClientApp_WPF.csproj", "{3F8E9300-E251-4BBB-8138-2832C1BB8EC6}"
EndProject
Project("{FAE04EC0-301F-11D3-BF4B-00C04F79EFBC}") = "LibraryServer", "LibraryServer\LibraryServer.csproj", "{3C7F62E5-DEDA-4295-A6D2-9E603CC560EC}"
EndProject
Project("{FAE04EC0-301F-11D3-BF4B-00C04F79EFBC}") = "MyDetails_ConsoleApp", "MyDetails_ConsoleApp\MyDetails_ConsoleApp.csproj", "{CCC2D252-BA3D-4E27-B5AD-8F7F5D3DCAC5}"
EndProject
Project("{FAE04EC0-301F-11D3-BF4B-00C04F79EFBC}") = "LogicModel", "ServerLogic\LogicModel.csproj", "{FE6575EB-EC3C-476C-900D-AAAF6E5C6593}"
EndProject
Project("{54435603-DBB4-11D2-8724-00A0C9A8B90C}") = "SetupWPFApp", "SetupWPFApp\SetupWPFApp.vdproj", "{C82BAD21-B822-4F48-890A-EF27FDD9DE51}"
EndProject
Project("{9A19103F-16F7-4668-BE54-9A1E7A4F7556}") = "WebApp_NetCore", "WebApp_NetCore\WebApp_NetCore.csproj", "{9ED0BB91-E44F-4C0A-80FE-62CDCE0796AB}"
EndProject
Global
	GlobalSection(SolutionConfigurationPlatforms) = preSolution
		Debug|Any CPU = Debug|Any CPU
		Release|Any CPU = Release|Any CPU
	EndGlobalSection
	GlobalSection(ProjectConfigurationPlatforms) = postSolution
		{3F8E9300-E251-4BBB-8138-2832C1BB8EC6}.Debug|Any CPU.ActiveCfg = Debug|Any CPU
		{3F8E9300-E251-4BBB-8138-2832C1BB8EC6}.Debug|Any CPU.Build.0 = Debug|Any CPU
		{3F8E9300-E251-4BBB-8138-2832C1BB8EC6}.Release|Any CPU.ActiveCfg = Release|Any CPU
		{3F8E9300-E251-4BBB-8138-2832C1BB8EC6}.Release|Any CPU.Build.0 = Release|Any CPU
		{3C7F62E5-DEDA-4295-A6D2-9E603CC560EC}.Debug|Any CPU.ActiveCfg = Debug|Any CPU
		{3C7F62E5-DEDA-4295-A6D2-9E603CC560EC}.Debug|Any CPU.Build.0 = Debug|Any CPU
		{3C7F62E5-DEDA-4295-A6D2-9E603CC560EC}.Release|Any CPU.ActiveCfg = Release|Any CPU
		{3C7F62E5-DEDA-4295-A6D2-9E603CC560EC}.Release|Any CPU.Build.0 = Release|Any CPU
		{CCC2D252-BA3D-4E27-B5AD-8F7F5D3DCAC5}.Debug|Any CPU.ActiveCfg = Debug|Any CPU
		{CCC2D252-BA3D-4E27-B5AD-8F7F5D3DCAC5}.Debug|Any CPU.Build.0 = Debug|Any CPU
		{CCC2D252-BA3D-4E27-B5AD-8F7F5D3DCAC5}.Release|Any CPU.ActiveCfg = Release|Any CPU
		{CCC2D252-BA3D-4E27-B5AD-8F7F5D3DCAC5}.Release|Any CPU.Build.0 = Release|Any CPU
		{FE6575EB-EC3C-476C-900D-AAAF6E5C6593}.Debug|Any CPU.ActiveCfg = Debug|Any CPU
		{FE6575EB-EC3C-476C-900D-AAAF6E5C6593}.Debug|Any CPU.Build.0 = Debug|Any CPU
		{FE6575EB-EC3C-476C-900D-AAAF6E5C6593}.Release|Any CPU.ActiveCfg = Release|Any CPU
		{FE6575EB-EC3C-476C-900D-AAAF6E5C6593}.Release|Any CPU.Build.0 = Release|Any CPU
		{C82BAD21-B822-4F48-890A-EF27FDD9DE51}.Debug|Any CPU.ActiveCfg = Debug
		{C82BAD21-B822-4F48-890A-EF27FDD9DE51}.Debug|Any CPU.Build.0 = Debug
		{C82BAD21-B822-4F48-890A-EF27FDD9DE51}.Release|Any CPU.ActiveCfg = Release
		{C82BAD21-B822-4F48-890A-EF27FDD9DE51}.Release|Any CPU.Build.0 = Release
		{9ED0BB91-E44F-4C0A-80FE-62CDCE0796AB}.Debug|Any CPU.ActiveCfg = Debug|Any CPU
		{9ED0BB91-E44F-4C0A-80FE-62CDCE0796AB}.Debug|Any CPU.Build.0 = Debug|Any CPU
		{9ED0BB91-E44F-4C0A-80FE-62CDCE0796AB}.Release|Any CPU.ActiveCfg = Release|Any CPU
		{9ED0BB91-E44F-4C0A-80FE-62CDCE0796AB}.Release|Any CPU.Build.0 = Release|Any CPU
	EndGlobalSection
	GlobalSection(SolutionProperties) = preSolution
		HideSolutionNode = FALSE
	EndGlobalSection
	GlobalSection(ExtensibilityGlobals) = postSolution
		SolutionGuid = {26424AE6-4D8B-4A08-986E-18137D8CC251}
	EndGlobalSection
EndGlobal
