
Microsoft Visual Studio Solution File, Format Version 12.00
# Visual Studio Version 16
VisualStudioVersion = 16.0.30011.22
MinimumVisualStudioVersion = 10.0.40219.1
Project("{FAE04EC0-301F-11D3-BF4B-00C04F79EFBC}") = "LogicModel", "LogicModel.csproj", "{FE6575EB-EC3C-476C-900D-AAAF6E5C6593}"
EndProject
Project("{FAE04EC0-301F-11D3-BF4B-00C04F79EFBC}") = "LibraryServer", "..\LibraryServer\LibraryServer.csproj", "{3C7F62E5-DEDA-4295-A6D2-9E603CC560EC}"
EndProject
Global
	GlobalSection(SolutionConfigurationPlatforms) = preSolution
		Debug|Any CPU = Debug|Any CPU
		Release|Any CPU = Release|Any CPU
	EndGlobalSection
	GlobalSection(ProjectConfigurationPlatforms) = postSolution
		{FE6575EB-EC3C-476C-900D-AAAF6E5C6593}.Debug|Any CPU.ActiveCfg = Debug|Any CPU
		{FE6575EB-EC3C-476C-900D-AAAF6E5C6593}.Debug|Any CPU.Build.0 = Debug|Any CPU
		{FE6575EB-EC3C-476C-900D-AAAF6E5C6593}.Release|Any CPU.ActiveCfg = Release|Any CPU
		{FE6575EB-EC3C-476C-900D-AAAF6E5C6593}.Release|Any CPU.Build.0 = Release|Any CPU
		{3C7F62E5-DEDA-4295-A6D2-9E603CC560EC}.Debug|Any CPU.ActiveCfg = Debug|Any CPU
		{3C7F62E5-DEDA-4295-A6D2-9E603CC560EC}.Debug|Any CPU.Build.0 = Debug|Any CPU
		{3C7F62E5-DEDA-4295-A6D2-9E603CC560EC}.Release|Any CPU.ActiveCfg = Release|Any CPU
		{3C7F62E5-DEDA-4295-A6D2-9E603CC560EC}.Release|Any CPU.Build.0 = Release|Any CPU
	EndGlobalSection
	GlobalSection(SolutionProperties) = preSolution
		HideSolutionNode = FALSE
	EndGlobalSection
	GlobalSection(ExtensibilityGlobals) = postSolution
		SolutionGuid = {C2DD0F8C-3FD2-4BDB-AEC6-1A320E1EB186}
	EndGlobalSection
EndGlobal
